
Microsoft Visual Studio Solution File, Format Version 12.00
# Visual Studio Version 17
VisualStudioVersion = 17.14.36603.0
MinimumVisualStudioVersion = 10.0.40219.1
Project("{FAE04EC0-301F-11D3-BF4B-00C04F79EFBC}") = "PersonColor.Api", "PersonColor.Api.csproj", "{043FD6F4-BC59-4CE9-88DC-7DF6887B2B21}"
EndProject
Project("{FAE04EC0-301F-11D3-BF4B-00C04F79EFBC}") = "PersonColor.Tests", "..\PersonColor.Tests\PersonColor.Tests.csproj", "{DFB8E987-9CAE-4EEA-A1F6-EC95B41E1C49}"
EndProject
Global
	GlobalSection(SolutionConfigurationPlatforms) = preSolution
		Debug|Any CPU = Debug|Any CPU
		Release|Any CPU = Release|Any CPU
	EndGlobalSection
	GlobalSection(ProjectConfigurationPlatforms) = postSolution
		{043FD6F4-BC59-4CE9-88DC-7DF6887B2B21}.Debug|Any CPU.ActiveCfg = Debug|Any CPU
		{043FD6F4-BC59-4CE9-88DC-7DF6887B2B21}.Debug|Any CPU.Build.0 = Debug|Any CPU
		{043FD6F4-BC59-4CE9-88DC-7DF6887B2B21}.Release|Any CPU.ActiveCfg = Release|Any CPU
		{043FD6F4-BC59-4CE9-88DC-7DF6887B2B21}.Release|Any CPU.Build.0 = Release|Any CPU
		{DFB8E987-9CAE-4EEA-A1F6-EC95B41E1C49}.Debug|Any CPU.ActiveCfg = Debug|Any CPU
		{DFB8E987-9CAE-4EEA-A1F6-EC95B41E1C49}.Debug|Any CPU.Build.0 = Debug|Any CPU
		{DFB8E987-9CAE-4EEA-A1F6-EC95B41E1C49}.Release|Any CPU.ActiveCfg = Release|Any CPU
		{DFB8E987-9CAE-4EEA-A1F6-EC95B41E1C49}.Release|Any CPU.Build.0 = Release|Any CPU
	EndGlobalSection
	GlobalSection(SolutionProperties) = preSolution
		HideSolutionNode = FALSE
	EndGlobalSection
	GlobalSection(ExtensibilityGlobals) = postSolution
		SolutionGuid = {AFED6E03-39DD-41E0-A8DD-9ACCEC326F17}
	EndGlobalSection
EndGlobal
